{
  "name": "verdaccio-md5",
  "version": "0.0.0",
  "lockfileVersion": 1,
  "requires": true,
  "dependencies": {
    "@joejukan/argumenter": {
      "version": "1.0.3",
      "resolved": "https://registry.npmjs.org/@joejukan/argumenter/-/argumenter-1.0.3.tgz",
      "integrity": "sha512-54N7BXMnNbMUrXROMX3U8GOPbhs/xrH4y5N2rGyewD9WESDNilyLsC4fb1qJaW/pIDvUKZCwZFWjWyFC7friAA=="
    },
    "@joejukan/web-kit": {
      "version": "0.0.1",
      "resolved": "https://registry.npmjs.org/@joejukan/web-kit/-/web-kit-0.0.1.tgz",
      "integrity": "sha512-apAbapcUjHUTKz1bzKIvCjL+7latWTxZPldKJuwNB3SpiE/JY9/POEUJ4RpMZ6nkqn5mFcvJcnodhYhPPzT16g==",
      "requires": {
        "@joejukan/argumenter": "1.0.3"
      }
    },
    "@types/bunyan": {
      "version": "1.8.4",
      "resolved": "https://registry.npmjs.org/@types/bunyan/-/bunyan-1.8.4.tgz",
      "integrity": "sha512-bxOF3fsm69ezKxdcJ7Oo/PsZMOJ+JIV/QJO2IADfScmR3sLulR88dpSnz6+q+9JJ1kD7dXFFgUrGRSKHLkOX7w==",
      "dev": true,
      "requires": {
        "@types/events": "*",
        "@types/node": "*"
      }
    },
    "@types/events": {
      "version": "1.2.0",
      "resolved": "https://registry.npmjs.org/@types/events/-/events-1.2.0.tgz",
      "integrity": "sha512-KEIlhXnIutzKwRbQkGWb/I4HFqBuUykAdHgDED6xqwXJfONCjF5VoE0cXEiurh3XauygxzeDzgtXUqvLkxFzzA==",
      "dev": true
    },
    "@types/md5": {
      "version": "2.1.32",
      "resolved": "https://registry.npmjs.org/@types/md5/-/md5-2.1.32.tgz",
      "integrity": "sha1-k+I0N/zRenucqY0CqmAC6DWEL+g=",
      "dev": true,
      "requires": {
        "@types/node": "*"
      }
    },
    "@types/node": {
      "version": "10.5.2",
      "resolved": "https://registry.npmjs.org/@types/node/-/node-10.5.2.tgz",
      "integrity": "sha512-m9zXmifkZsMHZBOyxZWilMwmTlpC8x5Ty360JKTiXvlXZfBWYpsg9ZZvP/Ye+iZUh+Q+MxDLjItVTWIsfwz+8Q==",
      "dev": true
    },
    "asn1": {
      "version": "0.1.11",
      "resolved": "https://registry.npmjs.org/asn1/-/asn1-0.1.11.tgz",
      "integrity": "sha1-VZvhg3bQik7E2+gId9J4GGObLfc=",
      "dev": true
    },
    "async": {
      "version": "0.2.10",
      "resolved": "https://registry.npmjs.org/async/-/async-0.2.10.tgz",
      "integrity": "sha1-trvgsGdLnXGXCMo43owjfLUmw9E=",
      "dev": true
    },
    "charenc": {
      "version": "0.0.2",
      "resolved": "https://registry.npmjs.org/charenc/-/charenc-0.0.2.tgz",
      "integrity": "sha1-wKHS86cJLgN3S/qD8UwPxXkKhmc="
    },
    "crypt": {
      "version": "0.0.2",
      "resolved": "https://registry.npmjs.org/crypt/-/crypt-0.0.2.tgz",
      "integrity": "sha1-iNf/fsDfuG9xPch7u0LQRNPmxBs="
    },
    "glob": {
      "version": "3.2.11",
      "resolved": "https://registry.npmjs.org/glob/-/glob-3.2.11.tgz",
      "integrity": "sha1-Spc/Y1uRkPcV0QmH1cAP0oFevj0=",
      "dev": true,
      "requires": {
        "inherits": "2",
        "minimatch": "0.3"
      }
    },
    "inherits": {
      "version": "2.0.3",
      "resolved": "https://registry.npmjs.org/inherits/-/inherits-2.0.3.tgz",
      "integrity": "sha1-Yzwsg+PaQqUC9SRmAiSA9CCCYd4=",
      "dev": true
    },
    "is": {
      "version": "0.3.0",
      "resolved": "https://registry.npmjs.org/is/-/is-0.3.0.tgz",
      "integrity": "sha1-qPcd/IpuKDcWJ/JskpCYxvTV1dc=",
      "dev": true
    },
    "is-buffer": {
      "version": "1.1.6",
      "resolved": "https://registry.npmjs.org/is-buffer/-/is-buffer-1.1.6.tgz",
      "integrity": "sha512-NcdALwpXkTm5Zvvbk7owOUSvVvBKDgKP5/ewfXEznmQFfs4ZRmanOeKBTjRVjka3QFoN6XJ+9F3USqfHqTaU5w=="
    },
    "lodash": {
      "version": "2.0.0",
      "resolved": "https://registry.npmjs.org/lodash/-/lodash-2.0.0.tgz",
      "integrity": "sha1-nc+eP6wErQo4yeLbacn7fOJtq8I=",
      "dev": true
    },
    "lru-cache": {
      "version": "2.7.3",
      "resolved": "https://registry.npmjs.org/lru-cache/-/lru-cache-2.7.3.tgz",
      "integrity": "sha1-bUUk6LlV+V1PW1iFHOId1y+06VI=",
      "dev": true
    },
    "md5": {
      "version": "2.2.1",
      "resolved": "https://registry.npmjs.org/md5/-/md5-2.2.1.tgz",
      "integrity": "sha1-U6s41f48iJG6RlMp6iP6wFQBJvk=",
      "requires": {
        "charenc": "~0.0.1",
        "crypt": "~0.0.1",
        "is-buffer": "~1.1.1"
      }
    },
    "minimatch": {
      "version": "0.3.0",
      "resolved": "https://registry.npmjs.org/minimatch/-/minimatch-0.3.0.tgz",
      "integrity": "sha1-J12O2qxPG7MyZHIInnlJyDlGmd0=",
      "dev": true,
      "requires": {
        "lru-cache": "2",
        "sigmund": "~1.0.0"
      }
    },
    "node.extend": {
      "version": "1.0.10",
      "resolved": "https://registry.npmjs.org/node.extend/-/node.extend-1.0.10.tgz",
      "integrity": "sha1-Mmm934HFRTX0CKvHhMMrDSvVX28=",
      "dev": true,
      "requires": {
        "is": "~0.3.0"
      }
    },
    "scp2": {
      "version": "0.1.4",
      "resolved": "https://registry.npmjs.org/scp2/-/scp2-0.1.4.tgz",
      "integrity": "sha1-HXR9j5sQJhkfdq4s2GSAPMSMDgo=",
      "dev": true,
      "requires": {
        "async": "~0.2.9",
        "glob": "~3.2.6",
        "lodash": "~2.0.0",
        "ssh2": "~0.2.12"
      }
    },
    "sftp-upload": {
      "version": "1.0.0",
      "resolved": "https://registry.npmjs.org/sftp-upload/-/sftp-upload-1.0.0.tgz",
      "integrity": "sha1-CsQ3B/0tjveUlMJraVW2Q7WY8Ts=",
      "dev": true,
      "requires": {
        "async": "~0.2.10",
        "node.extend": "~1.0.9",
        "scp2": "~0.1.4"
      }
    },
    "sigmund": {
      "version": "1.0.1",
      "resolved": "https://registry.npmjs.org/sigmund/-/sigmund-1.0.1.tgz",
      "integrity": "sha1-P/IfGYytIXX587eBhT/ZTQ0ZtZA=",
      "dev": true
    },
    "ssh2": {
      "version": "0.2.25",
      "resolved": "https://registry.npmjs.org/ssh2/-/ssh2-0.2.25.tgz",
      "integrity": "sha1-LtNEqF4f/qTYOrLehSZehLgWkeU=",
      "dev": true,
      "requires": {
        "asn1": "0.1.11",
        "streamsearch": "0.1.2"
      }
    },
    "streamsearch": {
      "version": "0.1.2",
      "resolved": "https://registry.npmjs.org/streamsearch/-/streamsearch-0.1.2.tgz",
      "integrity": "sha1-gIudDlb8Jz2Am6VzOOkpkZoanxo=",
      "dev": true
    }
  }
}
